
Microsoft Visual Studio Solution File, Format Version 12.00
# Visual Studio Version 16
VisualStudioVersion = 16.0.29920.165
MinimumVisualStudioVersion = 10.0.40219.1
Project("{FAE04EC0-301F-11D3-BF4B-00C04F79EFBC}") = "Web Server", "Prac 6 PTP app\Web Server.csproj", "{5F395D19-AEEE-455B-9B40-2569B3DD7605}"
EndProject
Project("{FAE04EC0-301F-11D3-BF4B-00C04F79EFBC}") = "API classes", "API classes\API classes.csproj", "{8E3A6447-BAD6-47A3-9BD6-97693FB6F053}"
EndProject
Project("{FAE04EC0-301F-11D3-BF4B-00C04F79EFBC}") = "Client GUI", "Client GUI\Client GUI.csproj", "{3B194A3D-32C3-4819-8E45-FCA87B8B8EDE}"
EndProject
Project("{FAE04EC0-301F-11D3-BF4B-00C04F79EFBC}") = "Client Server", "Client Server\Client Server.csproj", "{82E5CED1-BC03-4C75-93B5-AA7691C2FA80}"
EndProject
Global
	GlobalSection(SolutionConfigurationPlatforms) = preSolution
		Debug|Any CPU = Debug|Any CPU
		Release|Any CPU = Release|Any CPU
	EndGlobalSection
	GlobalSection(ProjectConfigurationPlatforms) = postSolution
		{5F395D19-AEEE-455B-9B40-2569B3DD7605}.Debug|Any CPU.ActiveCfg = Debug|Any CPU
		{5F395D19-AEEE-455B-9B40-2569B3DD7605}.Debug|Any CPU.Build.0 = Debug|Any CPU
		{5F395D19-AEEE-455B-9B40-2569B3DD7605}.Release|Any CPU.ActiveCfg = Release|Any CPU
		{5F395D19-AEEE-455B-9B40-2569B3DD7605}.Release|Any CPU.Build.0 = Release|Any CPU
		{8E3A6447-BAD6-47A3-9BD6-97693FB6F053}.Debug|Any CPU.ActiveCfg = Debug|Any CPU
		{8E3A6447-BAD6-47A3-9BD6-97693FB6F053}.Debug|Any CPU.Build.0 = Debug|Any CPU
		{8E3A6447-BAD6-47A3-9BD6-97693FB6F053}.Release|Any CPU.ActiveCfg = Release|Any CPU
		{8E3A6447-BAD6-47A3-9BD6-97693FB6F053}.Release|Any CPU.Build.0 = Release|Any CPU
		{3B194A3D-32C3-4819-8E45-FCA87B8B8EDE}.Debug|Any CPU.ActiveCfg = Debug|Any CPU
		{3B194A3D-32C3-4819-8E45-FCA87B8B8EDE}.Debug|Any CPU.Build.0 = Debug|Any CPU
		{3B194A3D-32C3-4819-8E45-FCA87B8B8EDE}.Release|Any CPU.ActiveCfg = Release|Any CPU
		{3B194A3D-32C3-4819-8E45-FCA87B8B8EDE}.Release|Any CPU.Build.0 = Release|Any CPU
		{82E5CED1-BC03-4C75-93B5-AA7691C2FA80}.Debug|Any CPU.ActiveCfg = Debug|Any CPU
		{82E5CED1-BC03-4C75-93B5-AA7691C2FA80}.Debug|Any CPU.Build.0 = Debug|Any CPU
		{82E5CED1-BC03-4C75-93B5-AA7691C2FA80}.Release|Any CPU.ActiveCfg = Release|Any CPU
		{82E5CED1-BC03-4C75-93B5-AA7691C2FA80}.Release|Any CPU.Build.0 = Release|Any CPU
	EndGlobalSection
	GlobalSection(SolutionProperties) = preSolution
		HideSolutionNode = FALSE
	EndGlobalSection
	GlobalSection(ExtensibilityGlobals) = postSolution
		SolutionGuid = {091125B2-C5C1-4BFB-AC14-0930F91480AF}
	EndGlobalSection
EndGlobal
